
Microsoft Visual Studio Solution File, Format Version 12.00
# Visual Studio Version 17
VisualStudioVersion = 17.0.32126.317
MinimumVisualStudioVersion = 10.0.40219.1
Project("{FAE04EC0-301F-11D3-BF4B-00C04F79EFBC}") = "CoinCounter", "CoinCounter\CoinCounter.csproj", "{A86C7A20-CC1A-4BC9-9121-3B206A16F807}"
EndProject
Global
	GlobalSection(SolutionConfigurationPlatforms) = preSolution
		Debug|Any CPU = Debug|Any CPU
		Release|Any CPU = Release|Any CPU
	EndGlobalSection
	GlobalSection(ProjectConfigurationPlatforms) = postSolution
		{A86C7A20-CC1A-4BC9-9121-3B206A16F807}.Debug|Any CPU.ActiveCfg = Debug|Any CPU
		{A86C7A20-CC1A-4BC9-9121-3B206A16F807}.Debug|Any CPU.Build.0 = Debug|Any CPU
		{A86C7A20-CC1A-4BC9-9121-3B206A16F807}.Release|Any CPU.ActiveCfg = Release|Any CPU
		{A86C7A20-CC1A-4BC9-9121-3B206A16F807}.Release|Any CPU.Build.0 = Release|Any CPU
	EndGlobalSection
	GlobalSection(SolutionProperties) = preSolution
		HideSolutionNode = FALSE
	EndGlobalSection
	GlobalSection(ExtensibilityGlobals) = postSolution
		SolutionGuid = {6A4E060B-22C7-40DE-8EE3-C10687FCF19C}
	EndGlobalSection
EndGlobal
